
Microsoft Visual Studio Solution File, Format Version 12.00
# Visual Studio Version 17
VisualStudioVersion = 17.11.35312.102
MinimumVisualStudioVersion = 10.0.40219.1
Project("{FAE04EC0-301F-11D3-BF4B-00C04F79EFBC}") = "WPFZooManager", "WPFZooManager\WPFZooManager.csproj", "{FDEC409E-FB25-4BA7-B392-686CC3511987}"
EndProject
Global
	GlobalSection(SolutionConfigurationPlatforms) = preSolution
		Debug|Any CPU = Debug|Any CPU
		Release|Any CPU = Release|Any CPU
	EndGlobalSection
	GlobalSection(ProjectConfigurationPlatforms) = postSolution
		{FDEC409E-FB25-4BA7-B392-686CC3511987}.Debug|Any CPU.ActiveCfg = Debug|Any CPU
		{FDEC409E-FB25-4BA7-B392-686CC3511987}.Debug|Any CPU.Build.0 = Debug|Any CPU
		{FDEC409E-FB25-4BA7-B392-686CC3511987}.Release|Any CPU.ActiveCfg = Release|Any CPU
		{FDEC409E-FB25-4BA7-B392-686CC3511987}.Release|Any CPU.Build.0 = Release|Any CPU
	EndGlobalSection
	GlobalSection(SolutionProperties) = preSolution
		HideSolutionNode = FALSE
	EndGlobalSection
	GlobalSection(ExtensibilityGlobals) = postSolution
		SolutionGuid = {4997818F-D35C-4967-A785-BD665E443E24}
	EndGlobalSection
EndGlobal
